github.com/boombuler/barcode v1.0.1-0.20190219062509-6c824513bacc h1:biVzkmvwrH8WK8raXaxBx6fRVTlJILwEwQGL1I/ByEI=
github.com/boombuler/barcode v1.0.1-0.20190219062509-6c824513bacc/go.mod h1:paBWMcWSl3LHKBqUq+rly7CNSldXjb2rDl3JlRe0mD8=
github.com/chzyer/readline v1.5.1 h1:upd/6fQk4src78LMRzh5vItIt361/o4uq553V8B5sGI=
github.com/chzyer/readline v1.5.1/go.mod h1:Eh+b79XXUwfKfcPLepksvw2tcLE/Ct21YObkaSkeBlk=
github.com/google/uuid v1.6.0 h1:NIvaJDMnpisAm6fewpFbJD9bMzRfu1mEz7SsdnWCBno=
github.com/google/uuid v1.6.0/go.mod h1:TIyPZe4MgqvfeYDBFedMoGGpEw/LqOeaOT+nhxU+yHo=
github.com/mattn/go-sqlite3 v1.14.22 h1:2gZY6PC6kBnID23Tichd1K+Z0oS6nE/XwU+Vz/5o4kU=
github.com/mattn/go-sqlite3 v1.14.22/go.mod h1:SnCKwFJn0EFMezxAjD5K7dQCZRv0M1e2Y7VJTmzRhcs=
github.com/pquerna/otp v1.4.0 h1:wZqa2I6gppsNKD/mkDR7cQ4ZNBM493wGm8GIi5icsip=
github.com/pquerna/otp v1.4.0/go.mod h1:dkJfzwRKNiegxyNb54X/3fLwhCynbMspSyWKnVI1AXg=
golang.org/x/crypto v0.24.0 h1:mnl8DM0o513X8fdIkmyFE/5hTYxbwYOjDS/+rK6qpRI=
golang.org/x/crypto v0.24.0/go.mod h1:Z1PMYSOR5nyMcyAVAIrmr+i9OliM4T/xIFwH1GTTF5M=
golang.org/x/sys v0.21.0 h1:rF+pYz3DAGSQAxAu1CbC7catMghJNfGmoyajYINlKDI=
golang.org/x/sys v0.21.0/go.mod h1:/VUhepiaJMbbeZIIzcGqYyhAIqz1Nii+cW/vd+gXo0c=
